
Microsoft Visual Studio Solution File, Format Version 12.00
# Visual Studio 15
VisualStudioVersion = 15.0.28307.136
MinimumVisualStudioVersion = 10.0.40219.1
Project("{FAE04EC0-301F-11D3-BF4B-00C04F79EFBC}") = "QuickBucks.Android", "QuickBucks\QuickBucks.Android\QuickBucks.Android.csproj", "{24CE3C36-16B9-426D-AA0C-5961ECF8D88C}"
EndProject
Project("{FAE04EC0-301F-11D3-BF4B-00C04F79EFBC}") = "QuickBucks.iOS", "QuickBucks\QuickBucks.iOS\QuickBucks.iOS.csproj", "{A4FF2701-4729-4638-A00C-059BE9570E8A}"
EndProject
Project("{FAE04EC0-301F-11D3-BF4B-00C04F79EFBC}") = "QuickBucks", "QuickBucks\QuickBucks\QuickBucks.csproj", "{34C56A0D-CD70-4D61-B8AF-D6401F4FB2FD}"
EndProject
Global
	GlobalSection(SolutionConfigurationPlatforms) = preSolution
		Debug|Any CPU = Debug|Any CPU
		Debug|iPhone = Debug|iPhone
		Debug|iPhoneSimulator = Debug|iPhoneSimulator
		Release|Any CPU = Release|Any CPU
		Release|iPhone = Release|iPhone
		Release|iPhoneSimulator = Release|iPhoneSimulator
	EndGlobalSection
	GlobalSection(ProjectConfigurationPlatforms) = postSolution
		{24CE3C36-16B9-426D-AA0C-5961ECF8D88C}.Debug|Any CPU.ActiveCfg = Debug|Any CPU
		{24CE3C36-16B9-426D-AA0C-5961ECF8D88C}.Debug|Any CPU.Build.0 = Debug|Any CPU
		{24CE3C36-16B9-426D-AA0C-5961ECF8D88C}.Debug|Any CPU.Deploy.0 = Debug|Any CPU
		{24CE3C36-16B9-426D-AA0C-5961ECF8D88C}.Debug|iPhone.ActiveCfg = Debug|Any CPU
		{24CE3C36-16B9-426D-AA0C-5961ECF8D88C}.Debug|iPhone.Build.0 = Debug|Any CPU
		{24CE3C36-16B9-426D-AA0C-5961ECF8D88C}.Debug|iPhone.Deploy.0 = Debug|Any CPU
		{24CE3C36-16B9-426D-AA0C-5961ECF8D88C}.Debug|iPhoneSimulator.ActiveCfg = Debug|Any CPU
		{24CE3C36-16B9-426D-AA0C-5961ECF8D88C}.Debug|iPhoneSimulator.Build.0 = Debug|Any CPU
		{24CE3C36-16B9-426D-AA0C-5961ECF8D88C}.Debug|iPhoneSimulator.Deploy.0 = Debug|Any CPU
		{24CE3C36-16B9-426D-AA0C-5961ECF8D88C}.Release|Any CPU.ActiveCfg = Release|Any CPU
		{24CE3C36-16B9-426D-AA0C-5961ECF8D88C}.Release|Any CPU.Build.0 = Release|Any CPU
		{24CE3C36-16B9-426D-AA0C-5961ECF8D88C}.Release|Any CPU.Deploy.0 = Release|Any CPU
		{24CE3C36-16B9-426D-AA0C-5961ECF8D88C}.Release|iPhone.ActiveCfg = Release|Any CPU
		{24CE3C36-16B9-426D-AA0C-5961ECF8D88C}.Release|iPhone.Build.0 = Release|Any CPU
		{24CE3C36-16B9-426D-AA0C-5961ECF8D88C}.Release|iPhone.Deploy.0 = Release|Any CPU
		{24CE3C36-16B9-426D-AA0C-5961ECF8D88C}.Release|iPhoneSimulator.ActiveCfg = Release|Any CPU
		{24CE3C36-16B9-426D-AA0C-5961ECF8D88C}.Release|iPhoneSimulator.Build.0 = Release|Any CPU
		{24CE3C36-16B9-426D-AA0C-5961ECF8D88C}.Release|iPhoneSimulator.Deploy.0 = Release|Any CPU
		{A4FF2701-4729-4638-A00C-059BE9570E8A}.Debug|Any CPU.ActiveCfg = Debug|iPhoneSimulator
		{A4FF2701-4729-4638-A00C-059BE9570E8A}.Debug|Any CPU.Build.0 = Debug|iPhoneSimulator
		{A4FF2701-4729-4638-A00C-059BE9570E8A}.Debug|Any CPU.Deploy.0 = Debug|iPhoneSimulator
		{A4FF2701-4729-4638-A00C-059BE9570E8A}.Debug|iPhone.ActiveCfg = Debug|iPhone
		{A4FF2701-4729-4638-A00C-059BE9570E8A}.Debug|iPhone.Build.0 = Debug|iPhone
		{A4FF2701-4729-4638-A00C-059BE9570E8A}.Debug|iPhone.Deploy.0 = Debug|iPhone
		{A4FF2701-4729-4638-A00C-059BE9570E8A}.Debug|iPhoneSimulator.ActiveCfg = Debug|iPhoneSimulator
		{A4FF2701-4729-4638-A00C-059BE9570E8A}.Debug|iPhoneSimulator.Build.0 = Debug|iPhoneSimulator
		{A4FF2701-4729-4638-A00C-059BE9570E8A}.Debug|iPhoneSimulator.Deploy.0 = Debug|iPhoneSimulator
		{A4FF2701-4729-4638-A00C-059BE9570E8A}.Release|Any CPU.ActiveCfg = Release|iPhone
		{A4FF2701-4729-4638-A00C-059BE9570E8A}.Release|Any CPU.Build.0 = Release|iPhone
		{A4FF2701-4729-4638-A00C-059BE9570E8A}.Release|Any CPU.Deploy.0 = Release|iPhone
		{A4FF2701-4729-4638-A00C-059BE9570E8A}.Release|iPhone.ActiveCfg = Release|iPhone
		{A4FF2701-4729-4638-A00C-059BE9570E8A}.Release|iPhone.Build.0 = Release|iPhone
		{A4FF2701-4729-4638-A00C-059BE9570E8A}.Release|iPhone.Deploy.0 = Release|iPhone
		{A4FF2701-4729-4638-A00C-059BE9570E8A}.Release|iPhoneSimulator.ActiveCfg = Release|iPhoneSimulator
		{A4FF2701-4729-4638-A00C-059BE9570E8A}.Release|iPhoneSimulator.Build.0 = Release|iPhoneSimulator
		{A4FF2701-4729-4638-A00C-059BE9570E8A}.Release|iPhoneSimulator.Deploy.0 = Release|iPhoneSimulator
		{34C56A0D-CD70-4D61-B8AF-D6401F4FB2FD}.Debug|Any CPU.ActiveCfg = Debug|Any CPU
		{34C56A0D-CD70-4D61-B8AF-D6401F4FB2FD}.Debug|Any CPU.Build.0 = Debug|Any CPU
		{34C56A0D-CD70-4D61-B8AF-D6401F4FB2FD}.Debug|Any CPU.Deploy.0 = Debug|Any CPU
		{34C56A0D-CD70-4D61-B8AF-D6401F4FB2FD}.Debug|iPhone.ActiveCfg = Debug|Any CPU
		{34C56A0D-CD70-4D61-B8AF-D6401F4FB2FD}.Debug|iPhone.Build.0 = Debug|Any CPU
		{34C56A0D-CD70-4D61-B8AF-D6401F4FB2FD}.Debug|iPhone.Deploy.0 = Debug|Any CPU
		{34C56A0D-CD70-4D61-B8AF-D6401F4FB2FD}.Debug|iPhoneSimulator.ActiveCfg = Debug|Any CPU
		{34C56A0D-CD70-4D61-B8AF-D6401F4FB2FD}.Debug|iPhoneSimulator.Build.0 = Debug|Any CPU
		{34C56A0D-CD70-4D61-B8AF-D6401F4FB2FD}.Debug|iPhoneSimulator.Deploy.0 = Debug|Any CPU
		{34C56A0D-CD70-4D61-B8AF-D6401F4FB2FD}.Release|Any CPU.ActiveCfg = Release|Any CPU
		{34C56A0D-CD70-4D61-B8AF-D6401F4FB2FD}.Release|Any CPU.Build.0 = Release|Any CPU
		{34C56A0D-CD70-4D61-B8AF-D6401F4FB2FD}.Release|Any CPU.Deploy.0 = Release|Any CPU
		{34C56A0D-CD70-4D61-B8AF-D6401F4FB2FD}.Release|iPhone.ActiveCfg = Release|Any CPU
		{34C56A0D-CD70-4D61-B8AF-D6401F4FB2FD}.Release|iPhone.Build.0 = Release|Any CPU
		{34C56A0D-CD70-4D61-B8AF-D6401F4FB2FD}.Release|iPhone.Deploy.0 = Release|Any CPU
		{34C56A0D-CD70-4D61-B8AF-D6401F4FB2FD}.Release|iPhoneSimulator.ActiveCfg = Release|Any CPU
		{34C56A0D-CD70-4D61-B8AF-D6401F4FB2FD}.Release|iPhoneSimulator.Build.0 = Release|Any CPU
		{34C56A0D-CD70-4D61-B8AF-D6401F4FB2FD}.Release|iPhoneSimulator.Deploy.0 = Release|Any CPU
	EndGlobalSection
	GlobalSection(SolutionProperties) = preSolution
		HideSolutionNode = FALSE
	EndGlobalSection
	GlobalSection(ExtensibilityGlobals) = postSolution
		SolutionGuid = {9C79CBBE-4766-4F71-8CF6-8EDCC6DF504F}
	EndGlobalSection
EndGlobal
